
Microsoft Visual Studio Solution File, Format Version 12.00
# Visual Studio 15
VisualStudioVersion = 15.0.28010.2026
MinimumVisualStudioVersion = 10.0.40219.1
Project("{FAE04EC0-301F-11D3-BF4B-00C04F79EFBC}") = "PuzzleGame", "PuzzleGame\PuzzleGame.csproj", "{D7550B6A-55EB-41B9-A35E-B89F207DE45C}"
EndProject
Global
	GlobalSection(SolutionConfigurationPlatforms) = preSolution
		Debug|Any CPU = Debug|Any CPU
		Release|Any CPU = Release|Any CPU
	EndGlobalSection
	GlobalSection(ProjectConfigurationPlatforms) = postSolution
		{D7550B6A-55EB-41B9-A35E-B89F207DE45C}.Debug|Any CPU.ActiveCfg = Debug|Any CPU
		{D7550B6A-55EB-41B9-A35E-B89F207DE45C}.Debug|Any CPU.Build.0 = Debug|Any CPU
		{D7550B6A-55EB-41B9-A35E-B89F207DE45C}.Release|Any CPU.ActiveCfg = Release|Any CPU
		{D7550B6A-55EB-41B9-A35E-B89F207DE45C}.Release|Any CPU.Build.0 = Release|Any CPU
	EndGlobalSection
	GlobalSection(SolutionProperties) = preSolution
		HideSolutionNode = FALSE
	EndGlobalSection
	GlobalSection(ExtensibilityGlobals) = postSolution
		SolutionGuid = {F204442F-FD6B-4F14-9BA6-49DDFC923332}
	EndGlobalSection
EndGlobal
